PODS:
  - LSComponentDemo (0.1.1)

DEPENDENCIES:
  - "LSComponentDemo (from `git@github.com:Marshal-S/LSComponentPodsDemo.git`)"

EXTERNAL SOURCES:
  LSComponentDemo:
    :git: "git@github.com:Marshal-S/LSComponentPodsDemo.git"

CHECKOUT OPTIONS:
  LSComponentDemo:
    :commit: 72c95dc8ecfe598433d852e91fa2ed81b9d3828d
    :git: "git@github.com:Marshal-S/LSComponentPodsDemo.git"

SPEC CHECKSUMS:
  LSComponentDemo: 9c20aa6d3230ca54d74995248e6c27f6f9898885

PODFILE CHECKSUM: cbeead97516baa8b8ce45257be5f7496bb5bc636

COCOAPODS: 1.10.1
