PODS:
  - LSComponentDemo (0.1.0)

DEPENDENCIES:
  - "LSComponentDemo (from `git@github.com:Marshal-S/LSComponentPodsDemo.git`)"

EXTERNAL SOURCES:
  LSComponentDemo:
    :git: "git@github.com:Marshal-S/LSComponentPodsDemo.git"

CHECKOUT OPTIONS:
  LSComponentDemo:
    :commit: ac804719d1c55ac36227627d5595d39dc21a6361
    :git: "git@github.com:Marshal-S/LSComponentPodsDemo.git"

SPEC CHECKSUMS:
  LSComponentDemo: 6b135796b63ac935e0d9a0b3db4745b07df2c732

PODFILE CHECKSUM: cbeead97516baa8b8ce45257be5f7496bb5bc636

COCOAPODS: 1.10.1
